
Microsoft Visual Studio Solution File, Format Version 12.00
# Visual Studio Version 17
VisualStudioVersion = 17.5.002.0
MinimumVisualStudioVersion = 10.0.40219.1
Project("{9A19103F-16F7-4668-BE54-9A1E7A4F7556}") = "SessionLecture", "SessionLecture.csproj", "{E2393383-6E05-4630-B7C2-A8A9B3E79991}"
EndProject
Global
	GlobalSection(SolutionConfigurationPlatforms) = preSolution
		Debug|Any CPU = Debug|Any CPU
		Release|Any CPU = Release|Any CPU
	EndGlobalSection
	GlobalSection(ProjectConfigurationPlatforms) = postSolution
		{E2393383-6E05-4630-B7C2-A8A9B3E79991}.Debug|Any CPU.ActiveCfg = Debug|Any CPU
		{E2393383-6E05-4630-B7C2-A8A9B3E79991}.Debug|Any CPU.Build.0 = Debug|Any CPU
		{E2393383-6E05-4630-B7C2-A8A9B3E79991}.Release|Any CPU.ActiveCfg = Release|Any CPU
		{E2393383-6E05-4630-B7C2-A8A9B3E79991}.Release|Any CPU.Build.0 = Release|Any CPU
	EndGlobalSection
	GlobalSection(SolutionProperties) = preSolution
		HideSolutionNode = FALSE
	EndGlobalSection
	GlobalSection(ExtensibilityGlobals) = postSolution
		SolutionGuid = {7F3F7E0B-3A8D-49D3-B293-EF4BE2D1997E}
	EndGlobalSection
EndGlobal
