
Microsoft Visual Studio Solution File, Format Version 12.00
# Visual Studio Version 17
VisualStudioVersion = 17.5.002.0
MinimumVisualStudioVersion = 10.0.40219.1
Project("{9A19103F-16F7-4668-BE54-9A1E7A4F7556}") = "classLecture", "classLecture.csproj", "{98842528-1DDD-4F35-9C86-7045BE06DEEA}"
EndProject
Global
	GlobalSection(SolutionConfigurationPlatforms) = preSolution
		Debug|Any CPU = Debug|Any CPU
		Release|Any CPU = Release|Any CPU
	EndGlobalSection
	GlobalSection(ProjectConfigurationPlatforms) = postSolution
		{98842528-1DDD-4F35-9C86-7045BE06DEEA}.Debug|Any CPU.ActiveCfg = Debug|Any CPU
		{98842528-1DDD-4F35-9C86-7045BE06DEEA}.Debug|Any CPU.Build.0 = Debug|Any CPU
		{98842528-1DDD-4F35-9C86-7045BE06DEEA}.Release|Any CPU.ActiveCfg = Release|Any CPU
		{98842528-1DDD-4F35-9C86-7045BE06DEEA}.Release|Any CPU.Build.0 = Release|Any CPU
	EndGlobalSection
	GlobalSection(SolutionProperties) = preSolution
		HideSolutionNode = FALSE
	EndGlobalSection
	GlobalSection(ExtensibilityGlobals) = postSolution
		SolutionGuid = {B0310827-1931-4321-A8BD-FEEBC850A154}
	EndGlobalSection
EndGlobal
