
Microsoft Visual Studio Solution File, Format Version 12.00
# Visual Studio Version 17
VisualStudioVersion = 17.5.002.0
MinimumVisualStudioVersion = 10.0.40219.1
Project("{9A19103F-16F7-4668-BE54-9A1E7A4F7556}") = "LinQLecture", "LinQLecture.csproj", "{6A5A98F5-62A3-4790-B22C-834669C10831}"
EndProject
Global
	GlobalSection(SolutionConfigurationPlatforms) = preSolution
		Debug|Any CPU = Debug|Any CPU
		Release|Any CPU = Release|Any CPU
	EndGlobalSection
	GlobalSection(ProjectConfigurationPlatforms) = postSolution
		{6A5A98F5-62A3-4790-B22C-834669C10831}.Debug|Any CPU.ActiveCfg = Debug|Any CPU
		{6A5A98F5-62A3-4790-B22C-834669C10831}.Debug|Any CPU.Build.0 = Debug|Any CPU
		{6A5A98F5-62A3-4790-B22C-834669C10831}.Release|Any CPU.ActiveCfg = Release|Any CPU
		{6A5A98F5-62A3-4790-B22C-834669C10831}.Release|Any CPU.Build.0 = Release|Any CPU
	EndGlobalSection
	GlobalSection(SolutionProperties) = preSolution
		HideSolutionNode = FALSE
	EndGlobalSection
	GlobalSection(ExtensibilityGlobals) = postSolution
		SolutionGuid = {DE8CE167-B42B-41E7-8A78-AEDA9109FC67}
	EndGlobalSection
EndGlobal
